// !$*UTF8*$!
{
	archiveVersion = 1;
	classes = {
	};
	objectVersion = 56;
	objects = {

/* Begin PBXBuildFile section */
		26F6CE632C4D5A3B007C23AC /* AppDelegate.swift in Sources */ = {isa = PBXBuildFile; fileRef = 26F6CE622C4D5A3B007C23AC /* AppDelegate.swift */; };
		26F6CE652C4D5A3B007C23AC /* SceneDelegate.swift in Sources */ = {isa = PBXBuildFile; fileRef = 26F6CE642C4D5A3B007C23AC /* SceneDelegate.swift */; };
		26F6CE672C4D5A3B007C23AC /* ViewController.swift in Sources */ = {isa = PBXBuildFile; fileRef = 26F6CE662C4D5A3B007C23AC /* ViewController.swift */; };
		26F6CE6A2C4D5A3B007C23AC /* Main.storyboard in Resources */ = {isa = PBXBuildFile; fileRef = 26F6CE682C4D5A3B007C23AC /* Main.storyboard */; };
		26F6CE6C2C4D5A3D007C23AC /* Assets.xcassets in Resources */ = {isa = PBXBuildFile; fileRef = 26F6CE6B2C4D5A3D007C23AC /* Assets.xcassets */; };
		26F6CE6F2C4D5A3D007C23AC /* LaunchScreen.storyboard in Resources */ = {isa = PBXBuildFile; fileRef = 26F6CE6D2C4D5A3D007C23AC /* LaunchScreen.storyboard */; };
		26F6CE772C4D5B6D007C23AC /* consts.swift in Sources */ = {isa = PBXBuildFile; fileRef = 26F6CE762C4D5B6D007C23AC /* consts.swift */; };
		26F6CE792C4D5C8B007C23AC /* WeatherInst.swift in Sources */ = {isa = PBXBuildFile; fileRef = 26F6CE782C4D5C8B007C23AC /* WeatherInst.swift */; };
		26F6CE7B2C4D5D08007C23AC /* CellReusingUtils.swift in Sources */ = {isa = PBXBuildFile; fileRef = 26F6CE7A2C4D5D08007C23AC /* CellReusingUtils.swift */; };
		26F6CE7D2C4D5D85007C23AC /* CollectionCell.swift in Sources */ = {isa = PBXBuildFile; fileRef = 26F6CE7C2C4D5D85007C23AC /* CollectionCell.swift */; };
		26F6CE812C4E4313007C23AC /* RainParticle.sks in Resources */ = {isa = PBXBuildFile; fileRef = 26F6CE802C4E4313007C23AC /* RainParticle.sks */; };
		26F6CE832C4E44A9007C23AC /* FogParticle.sks in Resources */ = {isa = PBXBuildFile; fileRef = 26F6CE822C4E44A9007C23AC /* FogParticle.sks */; };
		26F6CE8B2C4E4EF1007C23AC /* SnowParticle.sks in Resources */ = {isa = PBXBuildFile; fileRef = 26F6CE8A2C4E4EF1007C23AC /* SnowParticle.sks */; };
/* End PBXBuildFile section */

/* Begin PBXFileReference section */
		26F6CE5F2C4D5A3B007C23AC /* WeatherAnimations.app */ = {isa = PBXFileReference; explicitFileType = wrapper.application; includeInIndex = 0; path = WeatherAnimations.app; sourceTree = BUILT_PRODUCTS_DIR; };
		26F6CE622C4D5A3B007C23AC /* AppDelegate.swift */ = {isa = PBXFileReference; lastKnownFileType = sourcecode.swift; path = AppDelegate.swift; sourceTree = "<group>"; };
		26F6CE642C4D5A3B007C23AC /* SceneDelegate.swift */ = {isa = PBXFileReference; lastKnownFileType = sourcecode.swift; path = SceneDelegate.swift; sourceTree = "<group>"; };
		26F6CE662C4D5A3B007C23AC /* ViewController.swift */ = {isa = PBXFileReference; lastKnownFileType = sourcecode.swift; path = ViewController.swift; sourceTree = "<group>"; };
		26F6CE692C4D5A3B007C23AC /* Base */ = {isa = PBXFileReference; lastKnownFileType = file.storyboard; name = Base; path = Base.lproj/Main.storyboard; sourceTree = "<group>"; };
		26F6CE6B2C4D5A3D007C23AC /* Assets.xcassets */ = {isa = PBXFileReference; lastKnownFileType = folder.assetcatalog; path = Assets.xcassets; sourceTree = "<group>"; };
		26F6CE6E2C4D5A3D007C23AC /* Base */ = {isa = PBXFileReference; lastKnownFileType = file.storyboard; name = Base; path = Base.lproj/LaunchScreen.storyboard; sourceTree = "<group>"; };
		26F6CE702C4D5A3D007C23AC /* Info.plist */ = {isa = PBXFileReference; lastKnownFileType = text.plist.xml; path = Info.plist; sourceTree = "<group>"; };
		26F6CE762C4D5B6D007C23AC /* consts.swift */ = {isa = PBXFileReference; lastKnownFileType = sourcecode.swift; path = consts.swift; sourceTree = "<group>"; };
		26F6CE782C4D5C8B007C23AC /* WeatherInst.swift */ = {isa = PBXFileReference; lastKnownFileType = sourcecode.swift; path = WeatherInst.swift; sourceTree = "<group>"; };
		26F6CE7A2C4D5D08007C23AC /* CellReusingUtils.swift */ = {isa = PBXFileReference; lastKnownFileType = sourcecode.swift; path = CellReusingUtils.swift; sourceTree = "<group>"; };
		26F6CE7C2C4D5D85007C23AC /* CollectionCell.swift */ = {isa = PBXFileReference; lastKnownFileType = sourcecode.swift; path = CollectionCell.swift; sourceTree = "<group>"; };
		26F6CE802C4E4313007C23AC /* RainParticle.sks */ = {isa = PBXFileReference; lastKnownFileType = file.sks; path = RainParticle.sks; sourceTree = "<group>"; };
		26F6CE822C4E44A9007C23AC /* FogParticle.sks */ = {isa = PBXFileReference; lastKnownFileType = file.sks; path = FogParticle.sks; sourceTree = "<group>"; };
		26F6CE8A2C4E4EF1007C23AC /* SnowParticle.sks */ = {isa = PBXFileReference; lastKnownFileType = file.sks; path = SnowParticle.sks; sourceTree = "<group>"; };
/* End PBXFileReference section */

/* Begin PBXFrameworksBuildPhase section */
		26F6CE5C2C4D5A3B007C23AC /* Frameworks */ = {
			isa = PBXFrameworksBuildPhase;
			buildActionMask = 2147483647;
			files = (
			);
			runOnlyForDeploymentPostprocessing = 0;
		};
/* End PBXFrameworksBuildPhase section */

/* Begin PBXGroup section */
		26F6CE562C4D5A3B007C23AC = {
			isa = PBXGroup;
			children = (
				26F6CE612C4D5A3B007C23AC /* WeatherAnimations */,
				26F6CE602C4D5A3B007C23AC /* Products */,
			);
			sourceTree = "<group>";
		};
		26F6CE602C4D5A3B007C23AC /* Products */ = {
			isa = PBXGroup;
			children = (
				26F6CE5F2C4D5A3B007C23AC /* WeatherAnimations.app */,
			);
			name = Products;
			sourceTree = "<group>";
		};
		26F6CE612C4D5A3B007C23AC /* WeatherAnimations */ = {
			isa = PBXGroup;
			children = (
				26F6CE622C4D5A3B007C23AC /* AppDelegate.swift */,
				26F6CE642C4D5A3B007C23AC /* SceneDelegate.swift */,
				26F6CE662C4D5A3B007C23AC /* ViewController.swift */,
				26F6CE8A2C4E4EF1007C23AC /* SnowParticle.sks */,
				26F6CE822C4E44A9007C23AC /* FogParticle.sks */,
				26F6CE802C4E4313007C23AC /* RainParticle.sks */,
				26F6CE7A2C4D5D08007C23AC /* CellReusingUtils.swift */,
				26F6CE682C4D5A3B007C23AC /* Main.storyboard */,
				26F6CE6B2C4D5A3D007C23AC /* Assets.xcassets */,
				26F6CE6D2C4D5A3D007C23AC /* LaunchScreen.storyboard */,
				26F6CE702C4D5A3D007C23AC /* Info.plist */,
				26F6CE762C4D5B6D007C23AC /* consts.swift */,
				26F6CE782C4D5C8B007C23AC /* WeatherInst.swift */,
				26F6CE7C2C4D5D85007C23AC /* CollectionCell.swift */,
			);
			path = WeatherAnimations;
			sourceTree = "<group>";
		};
/* End PBXGroup section */

/* Begin PBXNativeTarget section */
		26F6CE5E2C4D5A3B007C23AC /* WeatherAnimations */ = {
			isa = PBXNativeTarget;
			buildConfigurationList = 26F6CE732C4D5A3D007C23AC /* Build configuration list for PBXNativeTarget "WeatherAnimations" */;
			buildPhases = (
				26F6CE5B2C4D5A3B007C23AC /* Sources */,
				26F6CE5C2C4D5A3B007C23AC /* Frameworks */,
				26F6CE5D2C4D5A3B007C23AC /* Resources */,
			);
			buildRules = (
			);
			dependencies = (
			);
			name = WeatherAnimations;
			productName = WeatherAnimations;
			productReference = 26F6CE5F2C4D5A3B007C23AC /* WeatherAnimations.app */;
			productType = "com.apple.product-type.application";
		};
/* End PBXNativeTarget section */

/* Begin PBXProject section */
		26F6CE572C4D5A3B007C23AC /* Project object */ = {
			isa = PBXProject;
			attributes = {
				BuildIndependentTargetsInParallel = 1;
				LastSwiftUpdateCheck = 1520;
				LastUpgradeCheck = 1520;
				TargetAttributes = {
					26F6CE5E2C4D5A3B007C23AC = {
						CreatedOnToolsVersion = 15.2;
					};
				};
			};
			buildConfigurationList = 26F6CE5A2C4D5A3B007C23AC /* Build configuration list for PBXProject "WeatherAnimations" */;
			compatibilityVersion = "Xcode 14.0";
			developmentRegion = en;
			hasScannedForEncodings = 0;
			knownRegions = (
				en,
				Base,
			);
			mainGroup = 26F6CE562C4D5A3B007C23AC;
			productRefGroup = 26F6CE602C4D5A3B007C23AC /* Products */;
			projectDirPath = "";
			projectRoot = "";
			targets = (
				26F6CE5E2C4D5A3B007C23AC /* WeatherAnimations */,
			);
		};
/* End PBXProject section */

/* Begin PBXResourcesBuildPhase section */
		26F6CE5D2C4D5A3B007C23AC /* Resources */ = {
			isa = PBXResourcesBuildPhase;
			buildActionMask = 2147483647;
			files = (
				26F6CE8B2C4E4EF1007C23AC /* SnowParticle.sks in Resources */,
				26F6CE6F2C4D5A3D007C23AC /* LaunchScreen.storyboard in Resources */,
				26F6CE812C4E4313007C23AC /* RainParticle.sks in Resources */,
				26F6CE832C4E44A9007C23AC /* FogParticle.sks in Resources */,
				26F6CE6C2C4D5A3D007C23AC /* Assets.xcassets in Resources */,
				26F6CE6A2C4D5A3B007C23AC /* Main.storyboard in Resources */,
			);
			runOnlyForDeploymentPostprocessing = 0;
		};
/* End PBXResourcesBuildPhase section */

/* Begin PBXSourcesBuildPhase section */
		26F6CE5B2C4D5A3B007C23AC /* Sources */ = {
			isa = PBXSourcesBuildPhase;
			buildActionMask = 2147483647;
			files = (
				26F6CE672C4D5A3B007C23AC /* ViewController.swift in Sources */,
				26F6CE772C4D5B6D007C23AC /* consts.swift in Sources */,
				26F6CE792C4D5C8B007C23AC /* WeatherInst.swift in Sources */,
				26F6CE7B2C4D5D08007C23AC /* CellReusingUtils.swift in Sources */,
				26F6CE7D2C4D5D85007C23AC /* CollectionCell.swift in Sources */,
				26F6CE632C4D5A3B007C23AC /* AppDelegate.swift in Sources */,
				26F6CE652C4D5A3B007C23AC /* SceneDelegate.swift in Sources */,
			);
			runOnlyForDeploymentPostprocessing = 0;
		};
/* End PBXSourcesBuildPhase section */

/* Begin PBXVariantGroup section */
		26F6CE682C4D5A3B007C23AC /* Main.storyboard */ = {
			isa = PBXVariantGroup;
			children = (
				26F6CE692C4D5A3B007C23AC /* Base */,
			);
			name = Main.storyboard;
			sourceTree = "<group>";
		};
		26F6CE6D2C4D5A3D007C23AC /* LaunchScreen.storyboard */ = {
			isa = PBXVariantGroup;
			children = (
				26F6CE6E2C4D5A3D007C23AC /* Base */,
			);
			name = LaunchScreen.storyboard;
			sourceTree = "<group>";
		};
/* End PBXVariantGroup section */

/* Begin XCBuildConfiguration section */
		26F6CE712C4D5A3D007C23AC /* Debug */ = {
			isa = XCBuildConfiguration;
			buildSettings = {
				ALWAYS_SEARCH_USER_PATHS = NO;
				ASSETCATALOG_COMPILER_GENERATE_SWIFT_ASSET_SYMBOL_EXTENSIONS = YES;
				CLANG_ANALYZER_NONNULL = YES;
				CLANG_ANALYZER_NUMBER_OBJECT_CONVERSION = YES_AGGRESSIVE;
				CLANG_CXX_LANGUAGE_STANDARD = "gnu++20";
				CLANG_ENABLE_MODULES = YES;
				CLANG_ENABLE_OBJC_ARC = YES;
				CLANG_ENABLE_OBJC_WEAK = YES;
				CLANG_WARN_BLOCK_CAPTURE_AUTORELEASING = YES;
				CLANG_WARN_BOOL_CONVERSION = YES;
				CLANG_WARN_COMMA = YES;
				CLANG_WARN_CONSTANT_CONVERSION = YES;
				CLANG_WARN_DEPRECATED_OBJC_IMPLEMENTATIONS = YES;
				CLANG_WARN_DIRECT_OBJC_ISA_USAGE = YES_ERROR;
				CLANG_WARN_DOCUMENTATION_COMMENTS = YES;
				CLANG_WARN_EMPTY_BODY = YES;
				CLANG_WARN_ENUM_CONVERSION = YES;
				CLANG_WARN_INFINITE_RECURSION = YES;
				CLANG_WARN_INT_CONVERSION = YES;
				CLANG_WARN_NON_LITERAL_NULL_CONVERSION = YES;
				CLANG_WARN_OBJC_IMPLICIT_RETAIN_SELF = YES;
				CLANG_WARN_OBJC_LITERAL_CONVERSION = YES;
				CLANG_WARN_OBJC_ROOT_CLASS = YES_ERROR;
				CLANG_WARN_QUOTED_INCLUDE_IN_FRAMEWORK_HEADER = YES;
				CLANG_WARN_RANGE_LOOP_ANALYSIS = YES;
				CLANG_WARN_STRICT_PROTOTYPES = YES;
				CLANG_WARN_SUSPICIOUS_MOVE = YES;
				CLANG_WARN_UNGUARDED_AVAILABILITY = YES_AGGRESSIVE;
				CLANG_WARN_UNREACHABLE_CODE = YES;
				CLANG_WARN__DUPLICATE_METHOD_MATCH = YES;
				COPY_PHASE_STRIP = NO;
				DEBUG_INFORMATION_FORMAT = dwarf;
				ENABLE_STRICT_OBJC_MSGSEND = YES;
				ENABLE_TESTABILITY = YES;
				ENABLE_USER_SCRIPT_SANDBOXING = YES;
				GCC_C_LANGUAGE_STANDARD = gnu17;
				GCC_DYNAMIC_NO_PIC = NO;
				GCC_NO_COMMON_BLOCKS = YES;
				GCC_OPTIMIZATION_LEVEL = 0;
				GCC_PREPROCESSOR_DEFINITIONS = (
					"DEBUG=1",
					"$(inherited)",
				);
				GCC_WARN_64_TO_32_BIT_CONVERSION = YES;
				GCC_WARN_ABOUT_RETURN_TYPE = YES_ERROR;
				GCC_WARN_UNDECLARED_SELECTOR = YES;
				GCC_WARN_UNINITIALIZED_AUTOS = YES_AGGRESSIVE;
				GCC_WARN_UNUSED_FUNCTION = YES;
				GCC_WARN_UNUSED_VARIABLE = YES;
				IPHONEOS_DEPLOYMENT_TARGET = 17.2;
				LOCALIZATION_PREFERS_STRING_CATALOGS = YES;
				MTL_ENABLE_DEBUG_INFO = INCLUDE_SOURCE;
				MTL_FAST_MATH = YES;
				ONLY_ACTIVE_ARCH = YES;
				SDKROOT = iphoneos;
				SWIFT_ACTIVE_COMPILATION_CONDITIONS = "DEBUG $(inherited)";
				SWIFT_OPTIMIZATION_LEVEL = "-Onone";
			};
			name = Debug;
		};
		26F6CE722C4D5A3D007C23AC /* Release */ = {
			isa = XCBuildConfiguration;
			buildSettings = {
				ALWAYS_SEARCH_USER_PATHS = NO;
				ASSETCATALOG_COMPILER_GENERATE_SWIFT_ASSET_SYMBOL_EXTENSIONS = YES;
				CLANG_ANALYZER_NONNULL = YES;
				CLANG_ANALYZER_NUMBER_OBJECT_CONVERSION = YES_AGGRESSIVE;
				CLANG_CXX_LANGUAGE_STANDARD = "gnu++20";
				CLANG_ENABLE_MODULES = YES;
				CLANG_ENABLE_OBJC_ARC = YES;
				CLANG_ENABLE_OBJC_WEAK = YES;
				CLANG_WARN_BLOCK_CAPTURE_AUTORELEASING = YES;
				CLANG_WARN_BOOL_CONVERSION = YES;
				CLANG_WARN_COMMA = YES;
				CLANG_WARN_CONSTANT_CONVERSION = YES;
				CLANG_WARN_DEPRECATED_OBJC_IMPLEMENTATIONS = YES;
				CLANG_WARN_DIRECT_OBJC_ISA_USAGE = YES_ERROR;
				CLANG_WARN_DOCUMENTATION_COMMENTS = YES;
				CLANG_WARN_EMPTY_BODY = YES;
				CLANG_WARN_ENUM_CONVERSION = YES;
				CLANG_WARN_INFINITE_RECURSION = YES;
				CLANG_WARN_INT_CONVERSION = YES;
				CLANG_WARN_NON_LITERAL_NULL_CONVERSION = YES;
				CLANG_WARN_OBJC_IMPLICIT_RETAIN_SELF = YES;
				CLANG_WARN_OBJC_LITERAL_CONVERSION = YES;
				CLANG_WARN_OBJC_ROOT_CLASS = YES_ERROR;
				CLANG_WARN_QUOTED_INCLUDE_IN_FRAMEWORK_HEADER = YES;
				CLANG_WARN_RANGE_LOOP_ANALYSIS = YES;
				CLANG_WARN_STRICT_PROTOTYPES = YES;
				CLANG_WARN_SUSPICIOUS_MOVE = YES;
				CLANG_WARN_UNGUARDED_AVAILABILITY = YES_AGGRESSIVE;
				CLANG_WARN_UNREACHABLE_CODE = YES;
				CLANG_WARN__DUPLICATE_METHOD_MATCH = YES;
				COPY_PHASE_STRIP = NO;
				DEBUG_INFORMATION_FORMAT = "dwarf-with-dsym";
				ENABLE_NS_ASSERTIONS = NO;
				ENABLE_STRICT_OBJC_MSGSEND = YES;
				ENABLE_USER_SCRIPT_SANDBOXING = YES;
				GCC_C_LANGUAGE_STANDARD = gnu17;
				GCC_NO_COMMON_BLOCKS = YES;
				GCC_WARN_64_TO_32_BIT_CONVERSION = YES;
				GCC_WARN_ABOUT_RETURN_TYPE = YES_ERROR;
				GCC_WARN_UNDECLARED_SELECTOR = YES;
				GCC_WARN_UNINITIALIZED_AUTOS = YES_AGGRESSIVE;
				GCC_WARN_UNUSED_FUNCTION = YES;
				GCC_WARN_UNUSED_VARIABLE = YES;
				IPHONEOS_DEPLOYMENT_TARGET = 17.2;
				LOCALIZATION_PREFERS_STRING_CATALOGS = YES;
				MTL_ENABLE_DEBUG_INFO = NO;
				MTL_FAST_MATH = YES;
				SDKROOT = iphoneos;
				SWIFT_COMPILATION_MODE = wholemodule;
				VALIDATE_PRODUCT = YES;
			};
			name = Release;
		};
		26F6CE742C4D5A3D007C23AC /* Debug */ = {
			isa = XCBuildConfiguration;
			buildSettings = {
				ASSETCATALOG_COMPILER_APPICON_NAME = AppIcon;
				ASSETCATALOG_COMPILER_GLOBAL_ACCENT_COLOR_NAME = AccentColor;
				CODE_SIGN_STYLE = Automatic;
				CURRENT_PROJECT_VERSION = 1;
				DEVELOPMENT_TEAM = H47RMLWCVY;
				GENERATE_INFOPLIST_FILE = YES;
				INFOPLIST_FILE = WeatherAnimations/Info.plist;
				INFOPLIST_KEY_UIApplicationSupportsIndirectInputEvents = YES;
				INFOPLIST_KEY_UILaunchStoryboardName = LaunchScreen;
				INFOPLIST_KEY_UIMainStoryboardFile = Main;
				INFOPLIST_KEY_UISupportedInterfaceOrientations_iPad = "UIInterfaceOrientationPortrait UIInterfaceOrientationPortraitUpsideDown UIInterfaceOrientationLandscapeLeft UIInterfaceOrientationLandscapeRight";
				INFOPLIST_KEY_UISupportedInterfaceOrientations_iPhone = "UIInterfaceOrientationPortrait UIInterfaceOrientationLandscapeLeft UIInterfaceOrientationLandscapeRight";
				LD_RUNPATH_SEARCH_PATHS = (
					"$(inherited)",
					"@executable_path/Frameworks",
				);
				MARKETING_VERSION = 1.0;
				PRODUCT_BUNDLE_IDENTIFIER = ru.answerpro.u.lukash.WeatherAnimations;
				PRODUCT_NAME = "$(TARGET_NAME)";
				SWIFT_EMIT_LOC_STRINGS = YES;
				SWIFT_VERSION = 5.0;
				TARGETED_DEVICE_FAMILY = "1,2";
			};
			name = Debug;
		};
		26F6CE752C4D5A3D007C23AC /* Release */ = {
			isa = XCBuildConfiguration;
			buildSettings = {
				ASSETCATALOG_COMPILER_APPICON_NAME = AppIcon;
				ASSETCATALOG_COMPILER_GLOBAL_ACCENT_COLOR_NAME = AccentColor;
				CODE_SIGN_STYLE = Automatic;
				CURRENT_PROJECT_VERSION = 1;
				DEVELOPMENT_TEAM = H47RMLWCVY;
				GENERATE_INFOPLIST_FILE = YES;
				INFOPLIST_FILE = WeatherAnimations/Info.plist;
				INFOPLIST_KEY_UIApplicationSupportsIndirectInputEvents = YES;
				INFOPLIST_KEY_UILaunchStoryboardName = LaunchScreen;
				INFOPLIST_KEY_UIMainStoryboardFile = Main;
				INFOPLIST_KEY_UISupportedInterfaceOrientations_iPad = "UIInterfaceOrientationPortrait UIInterfaceOrientationPortraitUpsideDown UIInterfaceOrientationLandscapeLeft UIInterfaceOrientationLandscapeRight";
				INFOPLIST_KEY_UISupportedInterfaceOrientations_iPhone = "UIInterfaceOrientationPortrait UIInterfaceOrientationLandscapeLeft UIInterfaceOrientationLandscapeRight";
				LD_RUNPATH_SEARCH_PATHS = (
					"$(inherited)",
					"@executable_path/Frameworks",
				);
				MARKETING_VERSION = 1.0;
				PRODUCT_BUNDLE_IDENTIFIER = ru.answerpro.u.lukash.WeatherAnimations;
				PRODUCT_NAME = "$(TARGET_NAME)";
				SWIFT_EMIT_LOC_STRINGS = YES;
				SWIFT_VERSION = 5.0;
				TARGETED_DEVICE_FAMILY = "1,2";
			};
			name = Release;
		};
/* End XCBuildConfiguration section */

/* Begin XCConfigurationList section */
		26F6CE5A2C4D5A3B007C23AC /* Build configuration list for PBXProject "WeatherAnimations" */ = {
			isa = XCConfigurationList;
			buildConfigurations = (
				26F6CE712C4D5A3D007C23AC /* Debug */,
				26F6CE722C4D5A3D007C23AC /* Release */,
			);
			defaultConfigurationIsVisible = 0;
			defaultConfigurationName = Release;
		};
		26F6CE732C4D5A3D007C23AC /* Build configuration list for PBXNativeTarget "WeatherAnimations" */ = {
			isa = XCConfigurationList;
			buildConfigurations = (
				26F6CE742C4D5A3D007C23AC /* Debug */,
				26F6CE752C4D5A3D007C23AC /* Release */,
			);
			defaultConfigurationIsVisible = 0;
			defaultConfigurationName = Release;
		};
/* End XCConfigurationList section */
	};
	rootObject = 26F6CE572C4D5A3B007C23AC /* Project object */;
}
